
Microsoft Visual Studio Solution File, Format Version 12.00
# Visual Studio Version 17
VisualStudioVersion = 17.1.32319.34
MinimumVisualStudioVersion = 10.0.40219.1
Project("{FAE04EC0-301F-11D3-BF4B-00C04F79EFBC}") = "DotNetCore2", "DotNetCore2.csproj", "{CBA70D73-D635-4F76-A205-136C1C84CD47}"
EndProject
Global
	GlobalSection(SolutionConfigurationPlatforms) = preSolution
		Debug|Any CPU = Debug|Any CPU
		Release|Any CPU = Release|Any CPU
	EndGlobalSection
	GlobalSection(ProjectConfigurationPlatforms) = postSolution
		{CBA70D73-D635-4F76-A205-136C1C84CD47}.Debug|Any CPU.ActiveCfg = Debug|Any CPU
		{CBA70D73-D635-4F76-A205-136C1C84CD47}.Debug|Any CPU.Build.0 = Debug|Any CPU
		{CBA70D73-D635-4F76-A205-136C1C84CD47}.Release|Any CPU.ActiveCfg = Release|Any CPU
		{CBA70D73-D635-4F76-A205-136C1C84CD47}.Release|Any CPU.Build.0 = Release|Any CPU
	EndGlobalSection
	GlobalSection(SolutionProperties) = preSolution
		HideSolutionNode = FALSE
	EndGlobalSection
	GlobalSection(ExtensibilityGlobals) = postSolution
		SolutionGuid = {EA0E0B4C-74AE-401D-BC77-82001E9E21F2}
	EndGlobalSection
EndGlobal
